
Microsoft Visual Studio Solution File, Format Version 12.00
# Visual Studio Version 17
VisualStudioVersion = 17.14.37012.4 d17.14
MinimumVisualStudioVersion = 10.0.40219.1
Project("{888888A0-9F3D-457C-B088-3A5042F75D52}") = "knapsack", "knapsack\knapsack.pyproj", "{F18A54A3-5D51-4CC3-8441-B2014FC2BDED}"
EndProject
Global
	GlobalSection(SolutionConfigurationPlatforms) = preSolution
		Debug|Any CPU = Debug|Any CPU
		Release|Any CPU = Release|Any CPU
	EndGlobalSection
	GlobalSection(ProjectConfigurationPlatforms) = postSolution
		{F18A54A3-5D51-4CC3-8441-B2014FC2BDED}.Debug|Any CPU.ActiveCfg = Debug|Any CPU
		{F18A54A3-5D51-4CC3-8441-B2014FC2BDED}.Release|Any CPU.ActiveCfg = Release|Any CPU
	EndGlobalSection
	GlobalSection(SolutionProperties) = preSolution
		HideSolutionNode = FALSE
	EndGlobalSection
	GlobalSection(ExtensibilityGlobals) = postSolution
		SolutionGuid = {03E72897-43C6-4785-8390-D47C99977988}
	EndGlobalSection
EndGlobal
